
Microsoft Visual Studio Solution File, Format Version 12.00
# Visual Studio Version 17
VisualStudioVersion = 17.6.33829.357
MinimumVisualStudioVersion = 10.0.40219.1
Project("{FAE04EC0-301F-11D3-BF4B-00C04F79EFBC}") = "VolumeMixer", "VolumeMixer.csproj", "{663FCFD8-AAAF-4C58-9528-6DB2AA6FCC9E}"
EndProject
Global
	GlobalSection(SolutionConfigurationPlatforms) = preSolution
		Debug|Any CPU = Debug|Any CPU
		Release|Any CPU = Release|Any CPU
	EndGlobalSection
	GlobalSection(ProjectConfigurationPlatforms) = postSolution
		{663FCFD8-AAAF-4C58-9528-6DB2AA6FCC9E}.Debug|Any CPU.ActiveCfg = Debug|Any CPU
		{663FCFD8-AAAF-4C58-9528-6DB2AA6FCC9E}.Debug|Any CPU.Build.0 = Debug|Any CPU
		{663FCFD8-AAAF-4C58-9528-6DB2AA6FCC9E}.Release|Any CPU.ActiveCfg = Release|Any CPU
		{663FCFD8-AAAF-4C58-9528-6DB2AA6FCC9E}.Release|Any CPU.Build.0 = Release|Any CPU
	EndGlobalSection
	GlobalSection(SolutionProperties) = preSolution
		HideSolutionNode = FALSE
	EndGlobalSection
	GlobalSection(ExtensibilityGlobals) = postSolution
		SolutionGuid = {B19BF02E-A65E-4D94-BE4C-869BA3CE88DD}
	EndGlobalSection
EndGlobal
